// !$*UTF8*$!
{
	archiveVersion = 1;
	classes = {
	};
	objectVersion = 46;
	objects = {

/* Begin PBXBuildFile section */
		03C9DD191EC1D36900E4CD62 /* AppDelegate.swift in Sources */ = {isa = PBXBuildFile; fileRef = 03C9DD181EC1D36900E4CD62 /* AppDelegate.swift */; };
		03C9DD1B1EC1D36900E4CD62 /* GameScene.sks in Resources */ = {isa = PBXBuildFile; fileRef = 03C9DD1A1EC1D36900E4CD62 /* GameScene.sks */; };
		03C9DD1D1EC1D36900E4CD62 /* Actions.sks in Resources */ = {isa = PBXBuildFile; fileRef = 03C9DD1C1EC1D36900E4CD62 /* Actions.sks */; };
		03C9DD1F1EC1D36900E4CD62 /* GameScene.swift in Sources */ = {isa = PBXBuildFile; fileRef = 03C9DD1E1EC1D36900E4CD62 /* GameScene.swift */; };
		03C9DD211EC1D36900E4CD62 /* GameViewController.swift in Sources */ = {isa = PBXBuildFile; fileRef = 03C9DD201EC1D36900E4CD62 /* GameViewController.swift */; };
		03C9DD241EC1D36900E4CD62 /* Main.storyboard in Resources */ = {isa = PBXBuildFile; fileRef = 03C9DD221EC1D36900E4CD62 /* Main.storyboard */; };
		03C9DD261EC1D36900E4CD62 /* Assets.xcassets in Resources */ = {isa = PBXBuildFile; fileRef = 03C9DD251EC1D36900E4CD62 /* Assets.xcassets */; };
		03C9DD291EC1D36900E4CD62 /* LaunchScreen.storyboard in Resources */ = {isa = PBXBuildFile; fileRef = 03C9DD271EC1D36900E4CD62 /* LaunchScreen.storyboard */; };
		03E9EF0521CBBB9B001AB363 /* lofi test v02.wav in Resources */ = {isa = PBXBuildFile; fileRef = 03E9EF0421CBBB9B001AB363 /* lofi test v02.wav */; };
		03E9EF0821CBC3BD001AB363 /* click.m4a in Resources */ = {isa = PBXBuildFile; fileRef = 03E9EF0721CBC3BD001AB363 /* click.m4a */; };
		03E9EF0A21CBCE0C001AB363 /* MenuScene.swift in Sources */ = {isa = PBXBuildFile; fileRef = 03E9EF0921CBCE0C001AB363 /* MenuScene.swift */; };
/* End PBXBuildFile section */

/* Begin PBXFileReference section */
		03C9DD151EC1D36900E4CD62 /* CircleShooter.app */ = {isa = PBXFileReference; explicitFileType = wrapper.application; includeInIndex = 0; path = CircleShooter.app; sourceTree = BUILT_PRODUCTS_DIR; };
		03C9DD181EC1D36900E4CD62 /* AppDelegate.swift */ = {isa = PBXFileReference; lastKnownFileType = sourcecode.swift; path = AppDelegate.swift; sourceTree = "<group>"; };
		03C9DD1A1EC1D36900E4CD62 /* GameScene.sks */ = {isa = PBXFileReference; lastKnownFileType = file.sks; path = GameScene.sks; sourceTree = "<group>"; };
		03C9DD1C1EC1D36900E4CD62 /* Actions.sks */ = {isa = PBXFileReference; lastKnownFileType = file.sks; path = Actions.sks; sourceTree = "<group>"; };
		03C9DD1E1EC1D36900E4CD62 /* GameScene.swift */ = {isa = PBXFileReference; lastKnownFileType = sourcecode.swift; path = GameScene.swift; sourceTree = "<group>"; };
		03C9DD201EC1D36900E4CD62 /* GameViewController.swift */ = {isa = PBXFileReference; lastKnownFileType = sourcecode.swift; path = GameViewController.swift; sourceTree = "<group>"; };
		03C9DD231EC1D36900E4CD62 /* Base */ = {isa = PBXFileReference; lastKnownFileType = file.storyboard; name = Base; path = Base.lproj/Main.storyboard; sourceTree = "<group>"; };
		03C9DD251EC1D36900E4CD62 /* Assets.xcassets */ = {isa = PBXFileReference; lastKnownFileType = folder.assetcatalog; path = Assets.xcassets; sourceTree = "<group>"; };
		03C9DD281EC1D36900E4CD62 /* Base */ = {isa = PBXFileReference; lastKnownFileType = file.storyboard; name = Base; path = Base.lproj/LaunchScreen.storyboard; sourceTree = "<group>"; };
		03C9DD2A1EC1D36900E4CD62 /* Info.plist */ = {isa = PBXFileReference; lastKnownFileType = text.plist.xml; path = Info.plist; sourceTree = "<group>"; };
		03E9EF0421CBBB9B001AB363 /* lofi test v02.wav */ = {isa = PBXFileReference; lastKnownFileType = audio.wav; path = "lofi test v02.wav"; sourceTree = "<group>"; };
		03E9EF0721CBC3BD001AB363 /* click.m4a */ = {isa = PBXFileReference; lastKnownFileType = file; path = click.m4a; sourceTree = "<group>"; };
		03E9EF0921CBCE0C001AB363 /* MenuScene.swift */ = {isa = PBXFileReference; lastKnownFileType = sourcecode.swift; path = MenuScene.swift; sourceTree = "<group>"; };
/* End PBXFileReference section */

/* Begin PBXFrameworksBuildPhase section */
		03C9DD121EC1D36900E4CD62 /* Frameworks */ = {
			isa = PBXFrameworksBuildPhase;
			buildActionMask = 2147483647;
			files = (
			);
			runOnlyForDeploymentPostprocessing = 0;
		};
/* End PBXFrameworksBuildPhase section */

/* Begin PBXGroup section */
		03C9DD0C1EC1D36900E4CD62 = {
			isa = PBXGroup;
			children = (
				03C9DD171EC1D36900E4CD62 /* CircleShooter */,
				03C9DD161EC1D36900E4CD62 /* Products */,
			);
			sourceTree = "<group>";
		};
		03C9DD161EC1D36900E4CD62 /* Products */ = {
			isa = PBXGroup;
			children = (
				03C9DD151EC1D36900E4CD62 /* CircleShooter.app */,
			);
			name = Products;
			sourceTree = "<group>";
		};
		03C9DD171EC1D36900E4CD62 /* CircleShooter */ = {
			isa = PBXGroup;
			children = (
				03E9EF0621CBBEB1001AB363 /* Sounds */,
				03C9DD181EC1D36900E4CD62 /* AppDelegate.swift */,
				03C9DD1A1EC1D36900E4CD62 /* GameScene.sks */,
				03C9DD1C1EC1D36900E4CD62 /* Actions.sks */,
				03C9DD1E1EC1D36900E4CD62 /* GameScene.swift */,
				03C9DD201EC1D36900E4CD62 /* GameViewController.swift */,
				03C9DD221EC1D36900E4CD62 /* Main.storyboard */,
				03C9DD251EC1D36900E4CD62 /* Assets.xcassets */,
				03C9DD271EC1D36900E4CD62 /* LaunchScreen.storyboard */,
				03C9DD2A1EC1D36900E4CD62 /* Info.plist */,
				03E9EF0921CBCE0C001AB363 /* MenuScene.swift */,
			);
			path = CircleShooter;
			sourceTree = "<group>";
		};
		03E9EF0621CBBEB1001AB363 /* Sounds */ = {
			isa = PBXGroup;
			children = (
				03E9EF0721CBC3BD001AB363 /* click.m4a */,
				03E9EF0421CBBB9B001AB363 /* lofi test v02.wav */,
			);
			path = Sounds;
			sourceTree = "<group>";
		};
/* End PBXGroup section */

/* Begin PBXNativeTarget section */
		03C9DD141EC1D36900E4CD62 /* CircleShooter */ = {
			isa = PBXNativeTarget;
			buildConfigurationList = 03C9DD2D1EC1D36900E4CD62 /* Build configuration list for PBXNativeTarget "CircleShooter" */;
			buildPhases = (
				03C9DD111EC1D36900E4CD62 /* Sources */,
				03C9DD121EC1D36900E4CD62 /* Frameworks */,
				03C9DD131EC1D36900E4CD62 /* Resources */,
			);
			buildRules = (
			);
			dependencies = (
			);
			name = CircleShooter;
			productName = CircleShooter;
			productReference = 03C9DD151EC1D36900E4CD62 /* CircleShooter.app */;
			productType = "com.apple.product-type.application";
		};
/* End PBXNativeTarget section */

/* Begin PBXProject section */
		03C9DD0D1EC1D36900E4CD62 /* Project object */ = {
			isa = PBXProject;
			attributes = {
				LastSwiftUpdateCheck = 0830;
				LastUpgradeCheck = 1010;
				ORGANIZATIONNAME = "Lai Phong Tran";
				TargetAttributes = {
					03C9DD141EC1D36900E4CD62 = {
						CreatedOnToolsVersion = 8.3;
						DevelopmentTeam = KAT6W73D2W;
						LastSwiftMigration = 1010;
						ProvisioningStyle = Automatic;
					};
				};
			};
			buildConfigurationList = 03C9DD101EC1D36900E4CD62 /* Build configuration list for PBXProject "CircleShooter" */;
			compatibilityVersion = "Xcode 3.2";
			developmentRegion = English;
			hasScannedForEncodings = 0;
			knownRegions = (
				en,
				Base,
			);
			mainGroup = 03C9DD0C1EC1D36900E4CD62;
			productRefGroup = 03C9DD161EC1D36900E4CD62 /* Products */;
			projectDirPath = "";
			projectRoot = "";
			targets = (
				03C9DD141EC1D36900E4CD62 /* CircleShooter */,
			);
		};
/* End PBXProject section */

/* Begin PBXResourcesBuildPhase section */
		03C9DD131EC1D36900E4CD62 /* Resources */ = {
			isa = PBXResourcesBuildPhase;
			buildActionMask = 2147483647;
			files = (
				03C9DD241EC1D36900E4CD62 /* Main.storyboard in Resources */,
				03C9DD1B1EC1D36900E4CD62 /* GameScene.sks in Resources */,
				03C9DD261EC1D36900E4CD62 /* Assets.xcassets in Resources */,
				03E9EF0821CBC3BD001AB363 /* click.m4a in Resources */,
				03E9EF0521CBBB9B001AB363 /* lofi test v02.wav in Resources */,
				03C9DD291EC1D36900E4CD62 /* LaunchScreen.storyboard in Resources */,
				03C9DD1D1EC1D36900E4CD62 /* Actions.sks in Resources */,
			);
			runOnlyForDeploymentPostprocessing = 0;
		};
/* End PBXResourcesBuildPhase section */

/* Begin PBXSourcesBuildPhase section */
		03C9DD111EC1D36900E4CD62 /* Sources */ = {
			isa = PBXSourcesBuildPhase;
			buildActionMask = 2147483647;
			files = (
				03C9DD1F1EC1D36900E4CD62 /* GameScene.swift in Sources */,
				03E9EF0A21CBCE0C001AB363 /* MenuScene.swift in Sources */,
				03C9DD211EC1D36900E4CD62 /* GameViewController.swift in Sources */,
				03C9DD191EC1D36900E4CD62 /* AppDelegate.swift in Sources */,
			);
			runOnlyForDeploymentPostprocessing = 0;
		};
/* End PBXSourcesBuildPhase section */

/* Begin PBXVariantGroup section */
		03C9DD221EC1D36900E4CD62 /* Main.storyboard */ = {
			isa = PBXVariantGroup;
			children = (
				03C9DD231EC1D36900E4CD62 /* Base */,
			);
			name = Main.storyboard;
			sourceTree = "<group>";
		};
		03C9DD271EC1D36900E4CD62 /* LaunchScreen.storyboard */ = {
			isa = PBXVariantGroup;
			children = (
				03C9DD281EC1D36900E4CD62 /* Base */,
			);
			name = LaunchScreen.storyboard;
			sourceTree = "<group>";
		};
/* End PBXVariantGroup section */

/* Begin XCBuildConfiguration section */
		03C9DD2B1EC1D36900E4CD62 /* Debug */ = {
			isa = XCBuildConfiguration;
			buildSettings = {
				ALWAYS_SEARCH_USER_PATHS = NO;
				CLANG_ANALYZER_NONNULL = YES;
				CLANG_ANALYZER_NUMBER_OBJECT_CONVERSION = YES_AGGRESSIVE;
				CLANG_CXX_LANGUAGE_STANDARD = "gnu++0x";
				CLANG_CXX_LIBRARY = "libc++";
				CLANG_ENABLE_MODULES = YES;
				CLANG_ENABLE_OBJC_ARC = YES;
				CLANG_WARN_BLOCK_CAPTURE_AUTORELEASING = YES;
				CLANG_WARN_BOOL_CONVERSION = YES;
				CLANG_WARN_COMMA = YES;
				CLANG_WARN_CONSTANT_CONVERSION = YES;
				CLANG_WARN_DEPRECATED_OBJC_IMPLEMENTATIONS = YES;
				CLANG_WARN_DIRECT_OBJC_ISA_USAGE = YES_ERROR;
				CLANG_WARN_DOCUMENTATION_COMMENTS = YES;
				CLANG_WARN_EMPTY_BODY = YES;
				CLANG_WARN_ENUM_CONVERSION = YES;
				CLANG_WARN_INFINITE_RECURSION = YES;
				CLANG_WARN_INT_CONVERSION = YES;
				CLANG_WARN_NON_LITERAL_NULL_CONVERSION = YES;
				CLANG_WARN_OBJC_IMPLICIT_RETAIN_SELF = YES;
				CLANG_WARN_OBJC_LITERAL_CONVERSION = YES;
				CLANG_WARN_OBJC_ROOT_CLASS = YES_ERROR;
				CLANG_WARN_RANGE_LOOP_ANALYSIS = YES;
				CLANG_WARN_STRICT_PROTOTYPES = YES;
				CLANG_WARN_SUSPICIOUS_MOVE = YES;
				CLANG_WARN_UNREACHABLE_CODE = YES;
				CLANG_WARN__DUPLICATE_METHOD_MATCH = YES;
				"CODE_SIGN_IDENTITY[sdk=iphoneos*]" = "iPhone Developer";
				COPY_PHASE_STRIP = NO;
				DEBUG_INFORMATION_FORMAT = dwarf;
				ENABLE_STRICT_OBJC_MSGSEND = YES;
				ENABLE_TESTABILITY = YES;
				GCC_C_LANGUAGE_STANDARD = gnu99;
				GCC_DYNAMIC_NO_PIC = NO;
				GCC_NO_COMMON_BLOCKS = YES;
				GCC_OPTIMIZATION_LEVEL = 0;
				GCC_PREPROCESSOR_DEFINITIONS = (
					"DEBUG=1",
					"$(inherited)",
				);
				GCC_WARN_64_TO_32_BIT_CONVERSION = YES;
				GCC_WARN_ABOUT_RETURN_TYPE = YES_ERROR;
				GCC_WARN_UNDECLARED_SELECTOR = YES;
				GCC_WARN_UNINITIALIZED_AUTOS = YES_AGGRESSIVE;
				GCC_WARN_UNUSED_FUNCTION = YES;
				GCC_WARN_UNUSED_VARIABLE = YES;
				IPHONEOS_DEPLOYMENT_TARGET = 10.3;
				MTL_ENABLE_DEBUG_INFO = YES;
				ONLY_ACTIVE_ARCH = YES;
				SDKROOT = iphoneos;
				SWIFT_ACTIVE_COMPILATION_CONDITIONS = DEBUG;
				SWIFT_OPTIMIZATION_LEVEL = "-Onone";
			};
			name = Debug;
		};
		03C9DD2C1EC1D36900E4CD62 /* Release */ = {
			isa = XCBuildConfiguration;
			buildSettings = {
				ALWAYS_SEARCH_USER_PATHS = NO;
				CLANG_ANALYZER_NONNULL = YES;
				CLANG_ANALYZER_NUMBER_OBJECT_CONVERSION = YES_AGGRESSIVE;
				CLANG_CXX_LANGUAGE_STANDARD = "gnu++0x";
				CLANG_CXX_LIBRARY = "libc++";
				CLANG_ENABLE_MODULES = YES;
				CLANG_ENABLE_OBJC_ARC = YES;
				CLANG_WARN_BLOCK_CAPTURE_AUTORELEASING = YES;
				CLANG_WARN_BOOL_CONVERSION = YES;
				CLANG_WARN_COMMA = YES;
				CLANG_WARN_CONSTANT_CONVERSION = YES;
				CLANG_WARN_DEPRECATED_OBJC_IMPLEMENTATIONS = YES;
				CLANG_WARN_DIRECT_OBJC_ISA_USAGE = YES_ERROR;
				CLANG_WARN_DOCUMENTATION_COMMENTS = YES;
				CLANG_WARN_EMPTY_BODY = YES;
				CLANG_WARN_ENUM_CONVERSION = YES;
				CLANG_WARN_INFINITE_RECURSION = YES;
				CLANG_WARN_INT_CONVERSION = YES;
				CLANG_WARN_NON_LITERAL_NULL_CONVERSION = YES;
				CLANG_WARN_OBJC_IMPLICIT_RETAIN_SELF = YES;
				CLANG_WARN_OBJC_LITERAL_CONVERSION = YES;
				CLANG_WARN_OBJC_ROOT_CLASS = YES_ERROR;
				CLANG_WARN_RANGE_LOOP_ANALYSIS = YES;
				CLANG_WARN_STRICT_PROTOTYPES = YES;
				CLANG_WARN_SUSPICIOUS_MOVE = YES;
				CLANG_WARN_UNREACHABLE_CODE = YES;
				CLANG_WARN__DUPLICATE_METHOD_MATCH = YES;
				"CODE_SIGN_IDENTITY[sdk=iphoneos*]" = "iPhone Developer";
				COPY_PHASE_STRIP = NO;
				DEBUG_INFORMATION_FORMAT = "dwarf-with-dsym";
				ENABLE_NS_ASSERTIONS = NO;
				ENABLE_STRICT_OBJC_MSGSEND = YES;
				GCC_C_LANGUAGE_STANDARD = gnu99;
				GCC_NO_COMMON_BLOCKS = YES;
				GCC_WARN_64_TO_32_BIT_CONVERSION = YES;
				GCC_WARN_ABOUT_RETURN_TYPE = YES_ERROR;
				GCC_WARN_UNDECLARED_SELECTOR = YES;
				GCC_WARN_UNINITIALIZED_AUTOS = YES_AGGRESSIVE;
				GCC_WARN_UNUSED_FUNCTION = YES;
				GCC_WARN_UNUSED_VARIABLE = YES;
				IPHONEOS_DEPLOYMENT_TARGET = 10.3;
				MTL_ENABLE_DEBUG_INFO = NO;
				SDKROOT = iphoneos;
				SWIFT_OPTIMIZATION_LEVEL = "-Owholemodule";
				VALIDATE_PRODUCT = YES;
			};
			name = Release;
		};
		03C9DD2E1EC1D36900E4CD62 /* Debug */ = {
			isa = XCBuildConfiguration;
			buildSettings = {
				ASSETCATALOG_COMPILER_APPICON_NAME = AppIcon;
				DEVELOPMENT_TEAM = KAT6W73D2W;
				INFOPLIST_FILE = CircleShooter/Info.plist;
				LD_RUNPATH_SEARCH_PATHS = "$(inherited) @executable_path/Frameworks";
				PRODUCT_BUNDLE_IDENTIFIER = "Lai-Phong-Tran.CircleShooter";
				PRODUCT_NAME = "$(TARGET_NAME)";
				SWIFT_SWIFT3_OBJC_INFERENCE = On;
				SWIFT_VERSION = 4.2;
			};
			name = Debug;
		};
		03C9DD2F1EC1D36900E4CD62 /* Release */ = {
			isa = XCBuildConfiguration;
			buildSettings = {
				ASSETCATALOG_COMPILER_APPICON_NAME = AppIcon;
				DEVELOPMENT_TEAM = KAT6W73D2W;
				INFOPLIST_FILE = CircleShooter/Info.plist;
				LD_RUNPATH_SEARCH_PATHS = "$(inherited) @executable_path/Frameworks";
				PRODUCT_BUNDLE_IDENTIFIER = "Lai-Phong-Tran.CircleShooter";
				PRODUCT_NAME = "$(TARGET_NAME)";
				SWIFT_SWIFT3_OBJC_INFERENCE = On;
				SWIFT_VERSION = 4.2;
			};
			name = Release;
		};
/* End XCBuildConfiguration section */

/* Begin XCConfigurationList section */
		03C9DD101EC1D36900E4CD62 /* Build configuration list for PBXProject "CircleShooter" */ = {
			isa = XCConfigurationList;
			buildConfigurations = (
				03C9DD2B1EC1D36900E4CD62 /* Debug */,
				03C9DD2C1EC1D36900E4CD62 /* Release */,
			);
			defaultConfigurationIsVisible = 0;
			defaultConfigurationName = Release;
		};
		03C9DD2D1EC1D36900E4CD62 /* Build configuration list for PBXNativeTarget "CircleShooter" */ = {
			isa = XCConfigurationList;
			buildConfigurations = (
				03C9DD2E1EC1D36900E4CD62 /* Debug */,
				03C9DD2F1EC1D36900E4CD62 /* Release */,
			);
			defaultConfigurationIsVisible = 0;
			defaultConfigurationName = Release;
		};
/* End XCConfigurationList section */
	};
	rootObject = 03C9DD0D1EC1D36900E4CD62 /* Project object */;
}
